
Microsoft Visual Studio Solution File, Format Version 12.00
# Visual Studio 15
VisualStudioVersion = 15.0.27130.2020
MinimumVisualStudioVersion = 10.0.40219.1
Project("{2150E333-8FDC-42A3-9474-1A3956D46DE8}") = "Src", "Src", "{26B55A35-CCB1-4635-871A-EE770850A5F2}"
EndProject
Project("{9A19103F-16F7-4668-BE54-9A1E7A4F7556}") = "SolutionItems", "SolutionItems.csproj", "{6ADCE94D-EF87-42F6-A68B-69DA6FD90DE6}"
EndProject
Project("{9A19103F-16F7-4668-BE54-9A1E7A4F7556}") = "XmlDocInspections.Sample", "Src\XmlDocInspections.Plugin.Tests\test\data\XmlDocInspections.Sample.csproj", "{4AF4FFEC-2FAC-426A-B8B2-06F4D9F52392}"
EndProject
Project("{9A19103F-16F7-4668-BE54-9A1E7A4F7556}") = "XmlDocInspections.Plugin.RS20181", "Src\XmlDocInspections.Plugin\XmlDocInspections.Plugin.RS20181.csproj", "{D682CFB1-5B8E-4533-9C25-FD5FF67737AF}"
EndProject
Project("{9A19103F-16F7-4668-BE54-9A1E7A4F7556}") = "XmlDocInspections.Plugin.Tests.RS20181", "Src\XmlDocInspections.Plugin.Tests\XmlDocInspections.Plugin.Tests.RS20181.csproj", "{24C5E916-1DF6-416A-9793-63DB29809A65}"
EndProject
Project("{9A19103F-16F7-4668-BE54-9A1E7A4F7556}") = "XmlDocInspections.Plugin.RS20173", "Src\XmlDocInspections.Plugin\XmlDocInspections.Plugin.RS20173.csproj", "{B911381A-0D32-4D8C-A47A-D1E684FD7589}"
EndProject
Project("{9A19103F-16F7-4668-BE54-9A1E7A4F7556}") = "XmlDocInspections.Plugin.Tests.RS20173", "Src\XmlDocInspections.Plugin.Tests\XmlDocInspections.Plugin.Tests.RS20173.csproj", "{E3DD348A-4F6B-4660-9D3F-18BFC5F2FDB1}"
EndProject
Project("{9A19103F-16F7-4668-BE54-9A1E7A4F7556}") = "XmlDocInspections.Plugin.RD20181", "Src\XmlDocInspections.Plugin\XmlDocInspections.Plugin.RD20181.csproj", "{68FD44BA-7BD7-432C-B70F-8EA851A4FD06}"
EndProject
Project("{9A19103F-16F7-4668-BE54-9A1E7A4F7556}") = "XmlDocInspections.Plugin.Tests.RD20181", "Src\XmlDocInspections.Plugin.Tests\XmlDocInspections.Plugin.Tests.RD20181.csproj", "{F0AC23E0-5905-4A51-8FCE-96F87D8CF8B3}"
EndProject
Global
	GlobalSection(SolutionConfigurationPlatforms) = preSolution
		Debug|Any CPU = Debug|Any CPU
		Release|Any CPU = Release|Any CPU
	EndGlobalSection
	GlobalSection(ProjectConfigurationPlatforms) = postSolution
		{6ADCE94D-EF87-42F6-A68B-69DA6FD90DE6}.Debug|Any CPU.ActiveCfg = Debug|Any CPU
		{6ADCE94D-EF87-42F6-A68B-69DA6FD90DE6}.Debug|Any CPU.Build.0 = Debug|Any CPU
		{6ADCE94D-EF87-42F6-A68B-69DA6FD90DE6}.Release|Any CPU.ActiveCfg = Debug|Any CPU
		{6ADCE94D-EF87-42F6-A68B-69DA6FD90DE6}.Release|Any CPU.Build.0 = Debug|Any CPU
		{4AF4FFEC-2FAC-426A-B8B2-06F4D9F52392}.Debug|Any CPU.ActiveCfg = Debug|Any CPU
		{4AF4FFEC-2FAC-426A-B8B2-06F4D9F52392}.Debug|Any CPU.Build.0 = Debug|Any CPU
		{4AF4FFEC-2FAC-426A-B8B2-06F4D9F52392}.Release|Any CPU.ActiveCfg = Release|Any CPU
		{4AF4FFEC-2FAC-426A-B8B2-06F4D9F52392}.Release|Any CPU.Build.0 = Release|Any CPU
		{D682CFB1-5B8E-4533-9C25-FD5FF67737AF}.Debug|Any CPU.ActiveCfg = Debug|Any CPU
		{D682CFB1-5B8E-4533-9C25-FD5FF67737AF}.Debug|Any CPU.Build.0 = Debug|Any CPU
		{D682CFB1-5B8E-4533-9C25-FD5FF67737AF}.Release|Any CPU.ActiveCfg = Release|Any CPU
		{D682CFB1-5B8E-4533-9C25-FD5FF67737AF}.Release|Any CPU.Build.0 = Release|Any CPU
		{24C5E916-1DF6-416A-9793-63DB29809A65}.Debug|Any CPU.ActiveCfg = Debug|Any CPU
		{24C5E916-1DF6-416A-9793-63DB29809A65}.Debug|Any CPU.Build.0 = Debug|Any CPU
		{24C5E916-1DF6-416A-9793-63DB29809A65}.Release|Any CPU.ActiveCfg = Release|Any CPU
		{24C5E916-1DF6-416A-9793-63DB29809A65}.Release|Any CPU.Build.0 = Release|Any CPU
		{B911381A-0D32-4D8C-A47A-D1E684FD7589}.Debug|Any CPU.ActiveCfg = Debug|Any CPU
		{B911381A-0D32-4D8C-A47A-D1E684FD7589}.Debug|Any CPU.Build.0 = Debug|Any CPU
		{B911381A-0D32-4D8C-A47A-D1E684FD7589}.Release|Any CPU.ActiveCfg = Release|Any CPU
		{B911381A-0D32-4D8C-A47A-D1E684FD7589}.Release|Any CPU.Build.0 = Release|Any CPU
		{E3DD348A-4F6B-4660-9D3F-18BFC5F2FDB1}.Debug|Any CPU.ActiveCfg = Debug|Any CPU
		{E3DD348A-4F6B-4660-9D3F-18BFC5F2FDB1}.Debug|Any CPU.Build.0 = Debug|Any CPU
		{E3DD348A-4F6B-4660-9D3F-18BFC5F2FDB1}.Release|Any CPU.ActiveCfg = Release|Any CPU
		{E3DD348A-4F6B-4660-9D3F-18BFC5F2FDB1}.Release|Any CPU.Build.0 = Release|Any CPU
		{68FD44BA-7BD7-432C-B70F-8EA851A4FD06}.Debug|Any CPU.ActiveCfg = Debug|Any CPU
		{68FD44BA-7BD7-432C-B70F-8EA851A4FD06}.Debug|Any CPU.Build.0 = Debug|Any CPU
		{68FD44BA-7BD7-432C-B70F-8EA851A4FD06}.Release|Any CPU.ActiveCfg = Release|Any CPU
		{68FD44BA-7BD7-432C-B70F-8EA851A4FD06}.Release|Any CPU.Build.0 = Release|Any CPU
		{F0AC23E0-5905-4A51-8FCE-96F87D8CF8B3}.Debug|Any CPU.ActiveCfg = Debug|Any CPU
		{F0AC23E0-5905-4A51-8FCE-96F87D8CF8B3}.Debug|Any CPU.Build.0 = Debug|Any CPU
		{F0AC23E0-5905-4A51-8FCE-96F87D8CF8B3}.Release|Any CPU.ActiveCfg = Release|Any CPU
		{F0AC23E0-5905-4A51-8FCE-96F87D8CF8B3}.Release|Any CPU.Build.0 = Release|Any CPU
	EndGlobalSection
	GlobalSection(SolutionProperties) = preSolution
		HideSolutionNode = FALSE
	EndGlobalSection
	GlobalSection(NestedProjects) = preSolution
		{4AF4FFEC-2FAC-426A-B8B2-06F4D9F52392} = {26B55A35-CCB1-4635-871A-EE770850A5F2}
		{D682CFB1-5B8E-4533-9C25-FD5FF67737AF} = {26B55A35-CCB1-4635-871A-EE770850A5F2}
		{24C5E916-1DF6-416A-9793-63DB29809A65} = {26B55A35-CCB1-4635-871A-EE770850A5F2}
		{B911381A-0D32-4D8C-A47A-D1E684FD7589} = {26B55A35-CCB1-4635-871A-EE770850A5F2}
		{E3DD348A-4F6B-4660-9D3F-18BFC5F2FDB1} = {26B55A35-CCB1-4635-871A-EE770850A5F2}
		{68FD44BA-7BD7-432C-B70F-8EA851A4FD06} = {26B55A35-CCB1-4635-871A-EE770850A5F2}
		{F0AC23E0-5905-4A51-8FCE-96F87D8CF8B3} = {26B55A35-CCB1-4635-871A-EE770850A5F2}
	EndGlobalSection
	GlobalSection(ExtensibilityGlobals) = postSolution
		SolutionGuid = {26DC4F5D-4078-42B6-A59E-8E853B68806F}
	EndGlobalSection
EndGlobal
