
Microsoft Visual Studio Solution File, Format Version 12.00
# Visual Studio 14
VisualStudioVersion = 14.0.23107.0
MinimumVisualStudioVersion = 10.0.40219.1
Project("{FAE04EC0-301F-11D3-BF4B-00C04F79EFBC}") = "XmlDocInspections.Plugin.R82", "Src\XmlDocInspections.Plugin\XmlDocInspections.Plugin.R82.csproj", "{71478F9F-1AAA-40DA-9C0C-6043C972558C}"
EndProject
Project("{FAE04EC0-301F-11D3-BF4B-00C04F79EFBC}") = "XmlDocInspections.Plugin.Tests.R82", "Src\XmlDocInspections.Plugin.Tests\XmlDocInspections.Plugin.Tests.R82.csproj", "{3C27B37B-9889-48E9-A61D-D129CB14D527}"
EndProject
Project("{FAE04EC0-301F-11D3-BF4B-00C04F79EFBC}") = "XmlDocInspections.Plugin.R91", "Src\XmlDocInspections.Plugin\XmlDocInspections.Plugin.R91.csproj", "{CDB42CAA-C42A-4343-9067-C9B766CAEFA6}"
EndProject
Project("{2150E333-8FDC-42A3-9474-1A3956D46DE8}") = "Src", "Src", "{26B55A35-CCB1-4635-871A-EE770850A5F2}"
	ProjectSection(SolutionItems) = preProject
		Src\XmlDocInspections.nuspec = Src\XmlDocInspections.nuspec
	EndProjectSection
EndProject
Project("{FAE04EC0-301F-11D3-BF4B-00C04F79EFBC}") = "XmlDocInspections.Plugin.Tests.R91", "Src\XmlDocInspections.Plugin.Tests\XmlDocInspections.Plugin.Tests.R91.csproj", "{38AC079E-AEFC-4502-AEE9-DF489F9FBA2F}"
EndProject
Project("{FAE04EC0-301F-11D3-BF4B-00C04F79EFBC}") = "XmlDocInspections.Plugin.R92", "Src\XmlDocInspections.Plugin\XmlDocInspections.Plugin.R92.csproj", "{857A6AE6-2E90-4F18-AA60-A18E2C891349}"
EndProject
Project("{FAE04EC0-301F-11D3-BF4B-00C04F79EFBC}") = "XmlDocInspections.Plugin.Tests.R92", "Src\XmlDocInspections.Plugin.Tests\XmlDocInspections.Plugin.Tests.R92.csproj", "{DE9CDDE9-6FFB-4A2D-A13F-84FEE657B24D}"
EndProject
Project("{FAE04EC0-301F-11D3-BF4B-00C04F79EFBC}") = "SolutionItems", "SolutionItems.csproj", "{6ADCE94D-EF87-42F6-A68B-69DA6FD90DE6}"
EndProject
Project("{FAE04EC0-301F-11D3-BF4B-00C04F79EFBC}") = "XmlDocInspections.Sample", "Src\XmlDocInspections.Plugin.Tests\test\data\XmlDocInspections.Sample.csproj", "{4AF4FFEC-2FAC-426A-B8B2-06F4D9F52392}"
EndProject
Global
	GlobalSection(SolutionConfigurationPlatforms) = preSolution
		Debug|Any CPU = Debug|Any CPU
		Release|Any CPU = Release|Any CPU
	EndGlobalSection
	GlobalSection(ProjectConfigurationPlatforms) = postSolution
		{71478F9F-1AAA-40DA-9C0C-6043C972558C}.Debug|Any CPU.ActiveCfg = Debug|Any CPU
		{71478F9F-1AAA-40DA-9C0C-6043C972558C}.Debug|Any CPU.Build.0 = Debug|Any CPU
		{71478F9F-1AAA-40DA-9C0C-6043C972558C}.Release|Any CPU.ActiveCfg = Release|Any CPU
		{71478F9F-1AAA-40DA-9C0C-6043C972558C}.Release|Any CPU.Build.0 = Release|Any CPU
		{3C27B37B-9889-48E9-A61D-D129CB14D527}.Debug|Any CPU.ActiveCfg = Debug|Any CPU
		{3C27B37B-9889-48E9-A61D-D129CB14D527}.Debug|Any CPU.Build.0 = Debug|Any CPU
		{3C27B37B-9889-48E9-A61D-D129CB14D527}.Release|Any CPU.ActiveCfg = Release|Any CPU
		{3C27B37B-9889-48E9-A61D-D129CB14D527}.Release|Any CPU.Build.0 = Release|Any CPU
		{CDB42CAA-C42A-4343-9067-C9B766CAEFA6}.Debug|Any CPU.ActiveCfg = Debug|Any CPU
		{CDB42CAA-C42A-4343-9067-C9B766CAEFA6}.Debug|Any CPU.Build.0 = Debug|Any CPU
		{CDB42CAA-C42A-4343-9067-C9B766CAEFA6}.Release|Any CPU.ActiveCfg = Release|Any CPU
		{CDB42CAA-C42A-4343-9067-C9B766CAEFA6}.Release|Any CPU.Build.0 = Release|Any CPU
		{38AC079E-AEFC-4502-AEE9-DF489F9FBA2F}.Debug|Any CPU.ActiveCfg = Debug|Any CPU
		{38AC079E-AEFC-4502-AEE9-DF489F9FBA2F}.Debug|Any CPU.Build.0 = Debug|Any CPU
		{38AC079E-AEFC-4502-AEE9-DF489F9FBA2F}.Release|Any CPU.ActiveCfg = Release|Any CPU
		{38AC079E-AEFC-4502-AEE9-DF489F9FBA2F}.Release|Any CPU.Build.0 = Release|Any CPU
		{857A6AE6-2E90-4F18-AA60-A18E2C891349}.Debug|Any CPU.ActiveCfg = Debug|Any CPU
		{857A6AE6-2E90-4F18-AA60-A18E2C891349}.Debug|Any CPU.Build.0 = Debug|Any CPU
		{857A6AE6-2E90-4F18-AA60-A18E2C891349}.Release|Any CPU.ActiveCfg = Release|Any CPU
		{857A6AE6-2E90-4F18-AA60-A18E2C891349}.Release|Any CPU.Build.0 = Release|Any CPU
		{DE9CDDE9-6FFB-4A2D-A13F-84FEE657B24D}.Debug|Any CPU.ActiveCfg = Debug|Any CPU
		{DE9CDDE9-6FFB-4A2D-A13F-84FEE657B24D}.Debug|Any CPU.Build.0 = Debug|Any CPU
		{DE9CDDE9-6FFB-4A2D-A13F-84FEE657B24D}.Release|Any CPU.ActiveCfg = Release|Any CPU
		{DE9CDDE9-6FFB-4A2D-A13F-84FEE657B24D}.Release|Any CPU.Build.0 = Release|Any CPU
		{6ADCE94D-EF87-42F6-A68B-69DA6FD90DE6}.Debug|Any CPU.ActiveCfg = Debug|Any CPU
		{6ADCE94D-EF87-42F6-A68B-69DA6FD90DE6}.Release|Any CPU.ActiveCfg = Debug|Any CPU
		{4AF4FFEC-2FAC-426A-B8B2-06F4D9F52392}.Debug|Any CPU.ActiveCfg = Debug|Any CPU
		{4AF4FFEC-2FAC-426A-B8B2-06F4D9F52392}.Debug|Any CPU.Build.0 = Debug|Any CPU
		{4AF4FFEC-2FAC-426A-B8B2-06F4D9F52392}.Release|Any CPU.ActiveCfg = Release|Any CPU
		{4AF4FFEC-2FAC-426A-B8B2-06F4D9F52392}.Release|Any CPU.Build.0 = Release|Any CPU
	EndGlobalSection
	GlobalSection(SolutionProperties) = preSolution
		HideSolutionNode = FALSE
	EndGlobalSection
	GlobalSection(NestedProjects) = preSolution
		{71478F9F-1AAA-40DA-9C0C-6043C972558C} = {26B55A35-CCB1-4635-871A-EE770850A5F2}
		{3C27B37B-9889-48E9-A61D-D129CB14D527} = {26B55A35-CCB1-4635-871A-EE770850A5F2}
		{CDB42CAA-C42A-4343-9067-C9B766CAEFA6} = {26B55A35-CCB1-4635-871A-EE770850A5F2}
		{38AC079E-AEFC-4502-AEE9-DF489F9FBA2F} = {26B55A35-CCB1-4635-871A-EE770850A5F2}
		{857A6AE6-2E90-4F18-AA60-A18E2C891349} = {26B55A35-CCB1-4635-871A-EE770850A5F2}
		{DE9CDDE9-6FFB-4A2D-A13F-84FEE657B24D} = {26B55A35-CCB1-4635-871A-EE770850A5F2}
		{4AF4FFEC-2FAC-426A-B8B2-06F4D9F52392} = {26B55A35-CCB1-4635-871A-EE770850A5F2}
	EndGlobalSection
EndGlobal
