
Microsoft Visual Studio Solution File, Format Version 12.00
# Visual Studio Version 16
VisualStudioVersion = 16.0.30711.63
MinimumVisualStudioVersion = 10.0.40219.1
Project("{9A19103F-16F7-4668-BE54-9A1E7A4F7556}") = "XmlDocInspections.Sample", "XmlDocInspections.Sample.csproj", "{4AF4FFEC-2FAC-426A-B8B2-06F4D9F52392}"
EndProject
Project("{9A19103F-16F7-4668-BE54-9A1E7A4F7556}") = "XmlDocInspections.Sample.AspNetCore", "Special\AspNetCore\XmlDocInspections.Sample.AspNetCore.csproj", "{E02B4116-2C7A-4523-9946-3E7B1C79666D}"
EndProject
Global
	GlobalSection(SolutionConfigurationPlatforms) = preSolution
		Debug|Any CPU = Debug|Any CPU
		Release|Any CPU = Release|Any CPU
	EndGlobalSection
	GlobalSection(ProjectConfigurationPlatforms) = postSolution
		{4AF4FFEC-2FAC-426A-B8B2-06F4D9F52392}.Debug|Any CPU.ActiveCfg = Debug|Any CPU
		{4AF4FFEC-2FAC-426A-B8B2-06F4D9F52392}.Debug|Any CPU.Build.0 = Debug|Any CPU
		{4AF4FFEC-2FAC-426A-B8B2-06F4D9F52392}.Release|Any CPU.ActiveCfg = Release|Any CPU
		{4AF4FFEC-2FAC-426A-B8B2-06F4D9F52392}.Release|Any CPU.Build.0 = Release|Any CPU
		{E02B4116-2C7A-4523-9946-3E7B1C79666D}.Debug|Any CPU.ActiveCfg = Debug|Any CPU
		{E02B4116-2C7A-4523-9946-3E7B1C79666D}.Debug|Any CPU.Build.0 = Debug|Any CPU
		{E02B4116-2C7A-4523-9946-3E7B1C79666D}.Release|Any CPU.ActiveCfg = Release|Any CPU
		{E02B4116-2C7A-4523-9946-3E7B1C79666D}.Release|Any CPU.Build.0 = Release|Any CPU
	EndGlobalSection
	GlobalSection(SolutionProperties) = preSolution
		HideSolutionNode = FALSE
	EndGlobalSection
	GlobalSection(ExtensibilityGlobals) = postSolution
		SolutionGuid = {BA056F45-3937-4355-A8F8-CD3BD5AC11E1}
	EndGlobalSection
EndGlobal
